
Microsoft Visual Studio Solution File, Format Version 12.00
# Visual Studio Version 16
VisualStudioVersion = 16.0.29215.179
MinimumVisualStudioVersion = 10.0.40219.1
Project("{FAE04EC0-301F-11D3-BF4B-00C04F79EFBC}") = "database", "database\database.csproj", "{175AD07D-CC04-4610-87DD-9C83786A1DFA}"
EndProject
Global
	GlobalSection(SolutionConfigurationPlatforms) = preSolution
		Debug|Any CPU = Debug|Any CPU
		Release|Any CPU = Release|Any CPU
	EndGlobalSection
	GlobalSection(ProjectConfigurationPlatforms) = postSolution
		{175AD07D-CC04-4610-87DD-9C83786A1DFA}.Debug|Any CPU.ActiveCfg = Debug|Any CPU
		{175AD07D-CC04-4610-87DD-9C83786A1DFA}.Debug|Any CPU.Build.0 = Debug|Any CPU
		{175AD07D-CC04-4610-87DD-9C83786A1DFA}.Release|Any CPU.ActiveCfg = Release|Any CPU
		{175AD07D-CC04-4610-87DD-9C83786A1DFA}.Release|Any CPU.Build.0 = Release|Any CPU
	EndGlobalSection
	GlobalSection(SolutionProperties) = preSolution
		HideSolutionNode = FALSE
	EndGlobalSection
	GlobalSection(ExtensibilityGlobals) = postSolution
		SolutionGuid = {F522FE5F-2D49-4441-B14C-50E679ADAA25}
	EndGlobalSection
EndGlobal
